// !$*UTF8*$!
{
	archiveVersion = 1;
	classes = {
	};
	objectVersion = 56;
	objects = {

/* Begin PBXBuildFile section */
		B10DAF432C070639009E749B /* JobDescription.swift in Sources */ = {isa = PBXBuildFile; fileRef = B10DAF422C070639009E749B /* JobDescription.swift */; };
		B10DAF452C07110D009E749B /* JobOffersView.swift in Sources */ = {isa = PBXBuildFile; fileRef = B10DAF442C07110D009E749B /* JobOffersView.swift */; };
		B10DAF482C073974009E749B /* AssessmentView.swift in Sources */ = {isa = PBXBuildFile; fileRef = B10DAF472C073974009E749B /* AssessmentView.swift */; };
		B10DAF4A2C074FC2009E749B /* AssignmentHome.swift in Sources */ = {isa = PBXBuildFile; fileRef = B10DAF492C074FC2009E749B /* AssignmentHome.swift */; };
		B10DAF4C2C075369009E749B /* AssessmentPaymentView.swift in Sources */ = {isa = PBXBuildFile; fileRef = B10DAF4B2C075369009E749B /* AssessmentPaymentView.swift */; };
		B12079CB2BFEEBF700BA98C6 /* CandidateForm.swift in Sources */ = {isa = PBXBuildFile; fileRef = B12079CA2BFEEBF700BA98C6 /* CandidateForm.swift */; };
		B12079CD2BFEEC1100BA98C6 /* EmployerForm.swift in Sources */ = {isa = PBXBuildFile; fileRef = B12079CC2BFEEC1100BA98C6 /* EmployerForm.swift */; };
		B12079CF2BFEEC3800BA98C6 /* ViewerForm.swift in Sources */ = {isa = PBXBuildFile; fileRef = B12079CE2BFEEC3800BA98C6 /* ViewerForm.swift */; };
		B1375E7F2C098EC2005FF28E /* TrainingView.swift in Sources */ = {isa = PBXBuildFile; fileRef = B1375E7E2C098EC2005FF28E /* TrainingView.swift */; };
		B1375E842C09A2B3005FF28E /* InterviewView.swift in Sources */ = {isa = PBXBuildFile; fileRef = B1375E832C09A2B3005FF28E /* InterviewView.swift */; };
		B13847DC2C102D4800AAF89E /* AdvertisementModel.swift in Sources */ = {isa = PBXBuildFile; fileRef = B13847DB2C102D4800AAF89E /* AdvertisementModel.swift */; };
		B13847DE2C102EBC00AAF89E /* AdvertisementViewModel.swift in Sources */ = {isa = PBXBuildFile; fileRef = B13847DD2C102EBC00AAF89E /* AdvertisementViewModel.swift */; };
		B13847E02C103D6C00AAF89E /* DashboardModel.swift in Sources */ = {isa = PBXBuildFile; fileRef = B13847DF2C103D6C00AAF89E /* DashboardModel.swift */; };
		B13847E22C10408C00AAF89E /* DashboardViewModel.swift in Sources */ = {isa = PBXBuildFile; fileRef = B13847E12C10408C00AAF89E /* DashboardViewModel.swift */; };
		B14BCC062C0D88D60078B976 /* Constants.swift in Sources */ = {isa = PBXBuildFile; fileRef = B14BCC052C0D88D60078B976 /* Constants.swift */; };
		B14BCC092C0DA5950078B976 /* ViewerRegistrationResponse.swift in Sources */ = {isa = PBXBuildFile; fileRef = B14BCC082C0DA5950078B976 /* ViewerRegistrationResponse.swift */; };
		B14BCC0B2C0DD07B0078B976 /* EmployerResponse.swift in Sources */ = {isa = PBXBuildFile; fileRef = B14BCC0A2C0DD07B0078B976 /* EmployerResponse.swift */; };
		B14BCC0D2C0DDFC60078B976 /* CandidateRegistrationResponse.swift in Sources */ = {isa = PBXBuildFile; fileRef = B14BCC0C2C0DDFC60078B976 /* CandidateRegistrationResponse.swift */; };
		B1B44EC82C01A5F900D6B631 /* UserDashView.swift in Sources */ = {isa = PBXBuildFile; fileRef = B1B44EC72C01A5F900D6B631 /* UserDashView.swift */; };
		B1B44ECB2C01AD1300D6B631 /* LiveShowView.swift in Sources */ = {isa = PBXBuildFile; fileRef = B1B44ECA2C01AD1300D6B631 /* LiveShowView.swift */; };
		B1B44ECD2C01E3D300D6B631 /* SplashScreenView.swift in Sources */ = {isa = PBXBuildFile; fileRef = B1B44ECC2C01E3D300D6B631 /* SplashScreenView.swift */; };
		B1D32EE92C0785ED00497691 /* AssessmentPassView.swift in Sources */ = {isa = PBXBuildFile; fileRef = B1D32EE82C0785ED00497691 /* AssessmentPassView.swift */; };
		B1D32EEB2C0788C400497691 /* AssessmentFailView.swift in Sources */ = {isa = PBXBuildFile; fileRef = B1D32EEA2C0788C400497691 /* AssessmentFailView.swift */; };
		B1F57B312C0220B900420125 /* CJN_iOSApp.swift in Sources */ = {isa = PBXBuildFile; fileRef = B1F57B302C0220B900420125 /* CJN_iOSApp.swift */; };
		B1F9520E2BFCB520007FF50E /* LoginView.swift in Sources */ = {isa = PBXBuildFile; fileRef = B1F9520D2BFCB520007FF50E /* LoginView.swift */; };
		B1F952102BFCB522007FF50E /* Assets.xcassets in Resources */ = {isa = PBXBuildFile; fileRef = B1F9520F2BFCB522007FF50E /* Assets.xcassets */; };
		B1F952132BFCB522007FF50E /* Preview Assets.xcassets in Resources */ = {isa = PBXBuildFile; fileRef = B1F952122BFCB522007FF50E /* Preview Assets.xcassets */; };
		B1F9521D2BFCBD7B007FF50E /* LoginViewModel.swift in Sources */ = {isa = PBXBuildFile; fileRef = B1F9521C2BFCBD7B007FF50E /* LoginViewModel.swift */; };
		B1F9521F2BFCCA4D007FF50E /* RegistrationView.swift in Sources */ = {isa = PBXBuildFile; fileRef = B1F9521E2BFCCA4D007FF50E /* RegistrationView.swift */; };
		B1F952232BFDA0B5007FF50E /* RegistrationViewModel.swift in Sources */ = {isa = PBXBuildFile; fileRef = B1F952222BFDA0B5007FF50E /* RegistrationViewModel.swift */; };
		B1FB86112C049F5E00EA6176 /* FeedbackViewModel.swift in Sources */ = {isa = PBXBuildFile; fileRef = B1FB86102C049F5D00EA6176 /* FeedbackViewModel.swift */; };
		B1FB86132C049F8F00EA6176 /* FeedbackModel.swift in Sources */ = {isa = PBXBuildFile; fileRef = B1FB86122C049F8F00EA6176 /* FeedbackModel.swift */; };
		B1FB86152C04A30100EA6176 /* iPadLoginView.swift in Sources */ = {isa = PBXBuildFile; fileRef = B1FB86142C04A30100EA6176 /* iPadLoginView.swift */; };
		B1FB86172C04B5F400EA6176 /* iPadRegistrationView.swift in Sources */ = {isa = PBXBuildFile; fileRef = B1FB86162C04B5F400EA6176 /* iPadRegistrationView.swift */; };
		B1FB86192C04B88000EA6176 /* iPadUserdashView.swift in Sources */ = {isa = PBXBuildFile; fileRef = B1FB86182C04B88000EA6176 /* iPadUserdashView.swift */; };
		B1FB861B2C04C17100EA6176 /* iPadLiveShowView.swift in Sources */ = {isa = PBXBuildFile; fileRef = B1FB861A2C04C17100EA6176 /* iPadLiveShowView.swift */; };
/* End PBXBuildFile section */

/* Begin PBXFileReference section */
		B10DAF422C070639009E749B /* JobDescription.swift */ = {isa = PBXFileReference; lastKnownFileType = sourcecode.swift; path = JobDescription.swift; sourceTree = "<group>"; };
		B10DAF442C07110D009E749B /* JobOffersView.swift */ = {isa = PBXFileReference; lastKnownFileType = sourcecode.swift; path = JobOffersView.swift; sourceTree = "<group>"; };
		B10DAF472C073974009E749B /* AssessmentView.swift */ = {isa = PBXFileReference; lastKnownFileType = sourcecode.swift; path = AssessmentView.swift; sourceTree = "<group>"; };
		B10DAF492C074FC2009E749B /* AssignmentHome.swift */ = {isa = PBXFileReference; lastKnownFileType = sourcecode.swift; path = AssignmentHome.swift; sourceTree = "<group>"; };
		B10DAF4B2C075369009E749B /* AssessmentPaymentView.swift */ = {isa = PBXFileReference; lastKnownFileType = sourcecode.swift; path = AssessmentPaymentView.swift; sourceTree = "<group>"; };
		B12079CA2BFEEBF700BA98C6 /* CandidateForm.swift */ = {isa = PBXFileReference; lastKnownFileType = sourcecode.swift; path = CandidateForm.swift; sourceTree = "<group>"; };
		B12079CC2BFEEC1100BA98C6 /* EmployerForm.swift */ = {isa = PBXFileReference; lastKnownFileType = sourcecode.swift; path = EmployerForm.swift; sourceTree = "<group>"; };
		B12079CE2BFEEC3800BA98C6 /* ViewerForm.swift */ = {isa = PBXFileReference; lastKnownFileType = sourcecode.swift; path = ViewerForm.swift; sourceTree = "<group>"; };
		B1375E7E2C098EC2005FF28E /* TrainingView.swift */ = {isa = PBXFileReference; lastKnownFileType = sourcecode.swift; path = TrainingView.swift; sourceTree = "<group>"; };
		B1375E832C09A2B3005FF28E /* InterviewView.swift */ = {isa = PBXFileReference; lastKnownFileType = sourcecode.swift; path = InterviewView.swift; sourceTree = "<group>"; };
		B13847DB2C102D4800AAF89E /* AdvertisementModel.swift */ = {isa = PBXFileReference; lastKnownFileType = sourcecode.swift; path = AdvertisementModel.swift; sourceTree = "<group>"; };
		B13847DD2C102EBC00AAF89E /* AdvertisementViewModel.swift */ = {isa = PBXFileReference; lastKnownFileType = sourcecode.swift; path = AdvertisementViewModel.swift; sourceTree = "<group>"; };
		B13847DF2C103D6C00AAF89E /* DashboardModel.swift */ = {isa = PBXFileReference; lastKnownFileType = sourcecode.swift; path = DashboardModel.swift; sourceTree = "<group>"; };
		B13847E12C10408C00AAF89E /* DashboardViewModel.swift */ = {isa = PBXFileReference; lastKnownFileType = sourcecode.swift; path = DashboardViewModel.swift; sourceTree = "<group>"; };
		B14BCC052C0D88D60078B976 /* Constants.swift */ = {isa = PBXFileReference; lastKnownFileType = sourcecode.swift; path = Constants.swift; sourceTree = "<group>"; };
		B14BCC082C0DA5950078B976 /* ViewerRegistrationResponse.swift */ = {isa = PBXFileReference; lastKnownFileType = sourcecode.swift; path = ViewerRegistrationResponse.swift; sourceTree = "<group>"; };
		B14BCC0A2C0DD07B0078B976 /* EmployerResponse.swift */ = {isa = PBXFileReference; lastKnownFileType = sourcecode.swift; path = EmployerResponse.swift; sourceTree = "<group>"; };
		B14BCC0C2C0DDFC60078B976 /* CandidateRegistrationResponse.swift */ = {isa = PBXFileReference; lastKnownFileType = sourcecode.swift; path = CandidateRegistrationResponse.swift; sourceTree = "<group>"; };
		B1B44EC72C01A5F900D6B631 /* UserDashView.swift */ = {isa = PBXFileReference; lastKnownFileType = sourcecode.swift; path = UserDashView.swift; sourceTree = "<group>"; };
		B1B44ECA2C01AD1300D6B631 /* LiveShowView.swift */ = {isa = PBXFileReference; lastKnownFileType = sourcecode.swift; path = LiveShowView.swift; sourceTree = "<group>"; };
		B1B44ECC2C01E3D300D6B631 /* SplashScreenView.swift */ = {isa = PBXFileReference; lastKnownFileType = sourcecode.swift; path = SplashScreenView.swift; sourceTree = "<group>"; };
		B1D32EE82C0785ED00497691 /* AssessmentPassView.swift */ = {isa = PBXFileReference; lastKnownFileType = sourcecode.swift; path = AssessmentPassView.swift; sourceTree = "<group>"; };
		B1D32EEA2C0788C400497691 /* AssessmentFailView.swift */ = {isa = PBXFileReference; lastKnownFileType = sourcecode.swift; path = AssessmentFailView.swift; sourceTree = "<group>"; };
		B1F57B302C0220B900420125 /* CJN_iOSApp.swift */ = {isa = PBXFileReference; lastKnownFileType = sourcecode.swift; path = CJN_iOSApp.swift; sourceTree = "<group>"; };
		B1F952082BFCB520007FF50E /* CJN_iOS.app */ = {isa = PBXFileReference; explicitFileType = wrapper.application; includeInIndex = 0; path = CJN_iOS.app; sourceTree = BUILT_PRODUCTS_DIR; };
		B1F9520D2BFCB520007FF50E /* LoginView.swift */ = {isa = PBXFileReference; lastKnownFileType = sourcecode.swift; path = LoginView.swift; sourceTree = "<group>"; };
		B1F9520F2BFCB522007FF50E /* Assets.xcassets */ = {isa = PBXFileReference; lastKnownFileType = folder.assetcatalog; path = Assets.xcassets; sourceTree = "<group>"; };
		B1F952122BFCB522007FF50E /* Preview Assets.xcassets */ = {isa = PBXFileReference; lastKnownFileType = folder.assetcatalog; path = "Preview Assets.xcassets"; sourceTree = "<group>"; };
		B1F9521C2BFCBD7B007FF50E /* LoginViewModel.swift */ = {isa = PBXFileReference; lastKnownFileType = sourcecode.swift; path = LoginViewModel.swift; sourceTree = "<group>"; };
		B1F9521E2BFCCA4D007FF50E /* RegistrationView.swift */ = {isa = PBXFileReference; lastKnownFileType = sourcecode.swift; path = RegistrationView.swift; sourceTree = "<group>"; };
		B1F952222BFDA0B5007FF50E /* RegistrationViewModel.swift */ = {isa = PBXFileReference; lastKnownFileType = sourcecode.swift; path = RegistrationViewModel.swift; sourceTree = "<group>"; };
		B1FB86102C049F5D00EA6176 /* FeedbackViewModel.swift */ = {isa = PBXFileReference; lastKnownFileType = sourcecode.swift; path = FeedbackViewModel.swift; sourceTree = "<group>"; };
		B1FB86122C049F8F00EA6176 /* FeedbackModel.swift */ = {isa = PBXFileReference; lastKnownFileType = sourcecode.swift; path = FeedbackModel.swift; sourceTree = "<group>"; };
		B1FB86142C04A30100EA6176 /* iPadLoginView.swift */ = {isa = PBXFileReference; lastKnownFileType = sourcecode.swift; path = iPadLoginView.swift; sourceTree = "<group>"; };
		B1FB86162C04B5F400EA6176 /* iPadRegistrationView.swift */ = {isa = PBXFileReference; lastKnownFileType = sourcecode.swift; path = iPadRegistrationView.swift; sourceTree = "<group>"; };
		B1FB86182C04B88000EA6176 /* iPadUserdashView.swift */ = {isa = PBXFileReference; lastKnownFileType = sourcecode.swift; path = iPadUserdashView.swift; sourceTree = "<group>"; };
		B1FB861A2C04C17100EA6176 /* iPadLiveShowView.swift */ = {isa = PBXFileReference; lastKnownFileType = sourcecode.swift; path = iPadLiveShowView.swift; sourceTree = "<group>"; };
/* End PBXFileReference section */

/* Begin PBXFrameworksBuildPhase section */
		B1F952052BFCB520007FF50E /* Frameworks */ = {
			isa = PBXFrameworksBuildPhase;
			buildActionMask = 2147483647;
			files = (
			);
			runOnlyForDeploymentPostprocessing = 0;
		};
/* End PBXFrameworksBuildPhase section */

/* Begin PBXGroup section */
		B10DAF412C070618009E749B /* Job */ = {
			isa = PBXGroup;
			children = (
				B19CDD202C117EA200655FCC /* Views */,
			);
			path = Job;
			sourceTree = "<group>";
		};
		B10DAF462C07395B009E749B /* Assessment */ = {
			isa = PBXGroup;
			children = (
				B19CDD212C117EB900655FCC /* Views */,
			);
			path = Assessment;
			sourceTree = "<group>";
		};
		B12079C82BFE1E1E00BA98C6 /* ViewModels */ = {
			isa = PBXGroup;
			children = (
				B1F952222BFDA0B5007FF50E /* RegistrationViewModel.swift */,
				B1F9521C2BFCBD7B007FF50E /* LoginViewModel.swift */,
			);
			path = ViewModels;
			sourceTree = "<group>";
		};
		B12079C92BFEEB3400BA98C6 /* Forms */ = {
			isa = PBXGroup;
			children = (
				B12079CA2BFEEBF700BA98C6 /* CandidateForm.swift */,
				B12079CC2BFEEC1100BA98C6 /* EmployerForm.swift */,
				B12079CE2BFEEC3800BA98C6 /* ViewerForm.swift */,
			);
			path = Forms;
			sourceTree = "<group>";
		};
		B1375E7D2C098EB2005FF28E /* Training */ = {
			isa = PBXGroup;
			children = (
				B1375E7E2C098EC2005FF28E /* TrainingView.swift */,
			);
			path = Training;
			sourceTree = "<group>";
		};
		B1375E852C09A2B9005FF28E /* Interview */ = {
			isa = PBXGroup;
			children = (
				B1375E832C09A2B3005FF28E /* InterviewView.swift */,
			);
			path = Interview;
			sourceTree = "<group>";
		};
		B14BCC072C0DA5790078B976 /* Models */ = {
			isa = PBXGroup;
			children = (
				B14BCC082C0DA5950078B976 /* ViewerRegistrationResponse.swift */,
				B14BCC0A2C0DD07B0078B976 /* EmployerResponse.swift */,
				B14BCC0C2C0DDFC60078B976 /* CandidateRegistrationResponse.swift */,
			);
			path = Models;
			sourceTree = "<group>";
		};
		B19CDD1A2C117E0F00655FCC /* Views */ = {
			isa = PBXGroup;
			children = (
				B1FB86182C04B88000EA6176 /* iPadUserdashView.swift */,
				B1B44EC72C01A5F900D6B631 /* UserDashView.swift */,
			);
			path = Views;
			sourceTree = "<group>";
		};
		B19CDD1B2C117E3100655FCC /* Models */ = {
			isa = PBXGroup;
			children = (
				B13847DB2C102D4800AAF89E /* AdvertisementModel.swift */,
				B13847DF2C103D6C00AAF89E /* DashboardModel.swift */,
			);
			path = Models;
			sourceTree = "<group>";
		};
		B19CDD1C2C117E4600655FCC /* ViewModels */ = {
			isa = PBXGroup;
			children = (
				B13847DD2C102EBC00AAF89E /* AdvertisementViewModel.swift */,
				B13847E12C10408C00AAF89E /* DashboardViewModel.swift */,
			);
			path = ViewModels;
			sourceTree = "<group>";
		};
		B19CDD1D2C117E6A00655FCC /* Views */ = {
			isa = PBXGroup;
			children = (
				B1FB861A2C04C17100EA6176 /* iPadLiveShowView.swift */,
				B1B44ECA2C01AD1300D6B631 /* LiveShowView.swift */,
			);
			path = Views;
			sourceTree = "<group>";
		};
		B19CDD1E2C117E7800655FCC /* Models */ = {
			isa = PBXGroup;
			children = (
				B1FB86122C049F8F00EA6176 /* FeedbackModel.swift */,
			);
			path = Models;
			sourceTree = "<group>";
		};
		B19CDD1F2C117E8900655FCC /* ViewModels */ = {
			isa = PBXGroup;
			children = (
				B1FB86102C049F5D00EA6176 /* FeedbackViewModel.swift */,
			);
			path = ViewModels;
			sourceTree = "<group>";
		};
		B19CDD202C117EA200655FCC /* Views */ = {
			isa = PBXGroup;
			children = (
				B10DAF422C070639009E749B /* JobDescription.swift */,
				B10DAF442C07110D009E749B /* JobOffersView.swift */,
			);
			path = Views;
			sourceTree = "<group>";
		};
		B19CDD212C117EB900655FCC /* Views */ = {
			isa = PBXGroup;
			children = (
				B10DAF492C074FC2009E749B /* AssignmentHome.swift */,
				B1D32EEA2C0788C400497691 /* AssessmentFailView.swift */,
				B1D32EE82C0785ED00497691 /* AssessmentPassView.swift */,
				B10DAF472C073974009E749B /* AssessmentView.swift */,
				B10DAF4B2C075369009E749B /* AssessmentPaymentView.swift */,
			);
			path = Views;
			sourceTree = "<group>";
		};
		B19CDD222C117F1900655FCC /* Base */ = {
			isa = PBXGroup;
			children = (
				B19CDD232C117F2400655FCC /* Views */,
			);
			path = Base;
			sourceTree = "<group>";
		};
		B19CDD232C117F2400655FCC /* Views */ = {
			isa = PBXGroup;
			children = (
				B1B44ECC2C01E3D300D6B631 /* SplashScreenView.swift */,
			);
			path = Views;
			sourceTree = "<group>";
		};
		B1B44EC62C01A5E600D6B631 /* UserDashboard */ = {
			isa = PBXGroup;
			children = (
				B19CDD1C2C117E4600655FCC /* ViewModels */,
				B19CDD1B2C117E3100655FCC /* Models */,
				B19CDD1A2C117E0F00655FCC /* Views */,
			);
			path = UserDashboard;
			sourceTree = "<group>";
		};
		B1B44EC92C01AD0200D6B631 /* LiveShow */ = {
			isa = PBXGroup;
			children = (
				B19CDD1F2C117E8900655FCC /* ViewModels */,
				B19CDD1E2C117E7800655FCC /* Models */,
				B19CDD1D2C117E6A00655FCC /* Views */,
			);
			path = LiveShow;
			sourceTree = "<group>";
		};
		B1F951FF2BFCB520007FF50E = {
			isa = PBXGroup;
			children = (
				B1F9520A2BFCB520007FF50E /* CJN_iOS */,
				B1F952092BFCB520007FF50E /* Products */,
			);
			sourceTree = "<group>";
		};
		B1F952092BFCB520007FF50E /* Products */ = {
			isa = PBXGroup;
			children = (
				B1F952082BFCB520007FF50E /* CJN_iOS.app */,
			);
			name = Products;
			sourceTree = "<group>";
		};
		B1F9520A2BFCB520007FF50E /* CJN_iOS */ = {
			isa = PBXGroup;
			children = (
				B19CDD222C117F1900655FCC /* Base */,
				B1F952192BFCBD22007FF50E /* Features */,
				B1F57B302C0220B900420125 /* CJN_iOSApp.swift */,
				B1F9520F2BFCB522007FF50E /* Assets.xcassets */,
				B1F952112BFCB522007FF50E /* Preview Content */,
			);
			path = CJN_iOS;
			sourceTree = "<group>";
		};
		B1F952112BFCB522007FF50E /* Preview Content */ = {
			isa = PBXGroup;
			children = (
				B1F952122BFCB522007FF50E /* Preview Assets.xcassets */,
			);
			path = "Preview Content";
			sourceTree = "<group>";
		};
		B1F952192BFCBD22007FF50E /* Features */ = {
			isa = PBXGroup;
			children = (
				B1375E852C09A2B9005FF28E /* Interview */,
				B1375E7D2C098EB2005FF28E /* Training */,
				B10DAF462C07395B009E749B /* Assessment */,
				B10DAF412C070618009E749B /* Job */,
				B1B44EC92C01AD0200D6B631 /* LiveShow */,
				B1B44EC62C01A5E600D6B631 /* UserDashboard */,
				B1F9521A2BFCBD30007FF50E /* Authentication */,
				B14BCC052C0D88D60078B976 /* Constants.swift */,
				B12079C92BFEEB3400BA98C6 /* Forms */,
			);
			path = Features;
			sourceTree = "<group>";
		};
		B1F9521A2BFCBD30007FF50E /* Authentication */ = {
			isa = PBXGroup;
			children = (
				B14BCC072C0DA5790078B976 /* Models */,
				B12079C82BFE1E1E00BA98C6 /* ViewModels */,
				B1F9521B2BFCBD44007FF50E /* Views */,
			);
			path = Authentication;
			sourceTree = "<group>";
		};
		B1F9521B2BFCBD44007FF50E /* Views */ = {
			isa = PBXGroup;
			children = (
				B1F9520D2BFCB520007FF50E /* LoginView.swift */,
				B1FB86142C04A30100EA6176 /* iPadLoginView.swift */,
				B1FB86162C04B5F400EA6176 /* iPadRegistrationView.swift */,
				B1F9521E2BFCCA4D007FF50E /* RegistrationView.swift */,
			);
			path = Views;
			sourceTree = "<group>";
		};
/* End PBXGroup section */

/* Begin PBXNativeTarget section */
		B1F952072BFCB520007FF50E /* CJN_iOS */ = {
			isa = PBXNativeTarget;
			buildConfigurationList = B1F952162BFCB522007FF50E /* Build configuration list for PBXNativeTarget "CJN_iOS" */;
			buildPhases = (
				B1F952042BFCB520007FF50E /* Sources */,
				B1F952052BFCB520007FF50E /* Frameworks */,
				B1F952062BFCB520007FF50E /* Resources */,
			);
			buildRules = (
			);
			dependencies = (
			);
			name = CJN_iOS;
			productName = CJN_iOS;
			productReference = B1F952082BFCB520007FF50E /* CJN_iOS.app */;
			productType = "com.apple.product-type.application";
		};
/* End PBXNativeTarget section */

/* Begin PBXProject section */
		B1F952002BFCB520007FF50E /* Project object */ = {
			isa = PBXProject;
			attributes = {
				BuildIndependentTargetsInParallel = 1;
				LastSwiftUpdateCheck = 1540;
				LastUpgradeCheck = 1540;
				TargetAttributes = {
					B1F952072BFCB520007FF50E = {
						CreatedOnToolsVersion = 15.4;
					};
				};
			};
			buildConfigurationList = B1F952032BFCB520007FF50E /* Build configuration list for PBXProject "CJN_iOS" */;
			compatibilityVersion = "Xcode 14.0";
			developmentRegion = en;
			hasScannedForEncodings = 0;
			knownRegions = (
				en,
				Base,
			);
			mainGroup = B1F951FF2BFCB520007FF50E;
			productRefGroup = B1F952092BFCB520007FF50E /* Products */;
			projectDirPath = "";
			projectRoot = "";
			targets = (
				B1F952072BFCB520007FF50E /* CJN_iOS */,
			);
		};
/* End PBXProject section */

/* Begin PBXResourcesBuildPhase section */
		B1F952062BFCB520007FF50E /* Resources */ = {
			isa = PBXResourcesBuildPhase;
			buildActionMask = 2147483647;
			files = (
				B1F952132BFCB522007FF50E /* Preview Assets.xcassets in Resources */,
				B1F952102BFCB522007FF50E /* Assets.xcassets in Resources */,
			);
			runOnlyForDeploymentPostprocessing = 0;
		};
/* End PBXResourcesBuildPhase section */

/* Begin PBXSourcesBuildPhase section */
		B1F952042BFCB520007FF50E /* Sources */ = {
			isa = PBXSourcesBuildPhase;
			buildActionMask = 2147483647;
			files = (
				B1D32EEB2C0788C400497691 /* AssessmentFailView.swift in Sources */,
				B1FB861B2C04C17100EA6176 /* iPadLiveShowView.swift in Sources */,
				B1FB86152C04A30100EA6176 /* iPadLoginView.swift in Sources */,
				B1F9520E2BFCB520007FF50E /* LoginView.swift in Sources */,
				B1F57B312C0220B900420125 /* CJN_iOSApp.swift in Sources */,
				B12079CF2BFEEC3800BA98C6 /* ViewerForm.swift in Sources */,
				B10DAF452C07110D009E749B /* JobOffersView.swift in Sources */,
				B1375E7F2C098EC2005FF28E /* TrainingView.swift in Sources */,
				B14BCC0B2C0DD07B0078B976 /* EmployerResponse.swift in Sources */,
				B14BCC0D2C0DDFC60078B976 /* CandidateRegistrationResponse.swift in Sources */,
				B10DAF4A2C074FC2009E749B /* AssignmentHome.swift in Sources */,
				B1B44EC82C01A5F900D6B631 /* UserDashView.swift in Sources */,
				B13847DC2C102D4800AAF89E /* AdvertisementModel.swift in Sources */,
				B13847E02C103D6C00AAF89E /* DashboardModel.swift in Sources */,
				B12079CB2BFEEBF700BA98C6 /* CandidateForm.swift in Sources */,
				B10DAF4C2C075369009E749B /* AssessmentPaymentView.swift in Sources */,
				B1B44ECD2C01E3D300D6B631 /* SplashScreenView.swift in Sources */,
				B12079CD2BFEEC1100BA98C6 /* EmployerForm.swift in Sources */,
				B1FB86172C04B5F400EA6176 /* iPadRegistrationView.swift in Sources */,
				B1FB86192C04B88000EA6176 /* iPadUserdashView.swift in Sources */,
				B10DAF482C073974009E749B /* AssessmentView.swift in Sources */,
				B1B44ECB2C01AD1300D6B631 /* LiveShowView.swift in Sources */,
				B14BCC092C0DA5950078B976 /* ViewerRegistrationResponse.swift in Sources */,
				B1D32EE92C0785ED00497691 /* AssessmentPassView.swift in Sources */,
				B1F9521D2BFCBD7B007FF50E /* LoginViewModel.swift in Sources */,
				B13847E22C10408C00AAF89E /* DashboardViewModel.swift in Sources */,
				B1F952232BFDA0B5007FF50E /* RegistrationViewModel.swift in Sources */,
				B10DAF432C070639009E749B /* JobDescription.swift in Sources */,
				B1375E842C09A2B3005FF28E /* InterviewView.swift in Sources */,
				B1FB86132C049F8F00EA6176 /* FeedbackModel.swift in Sources */,
				B1F9521F2BFCCA4D007FF50E /* RegistrationView.swift in Sources */,
				B1FB86112C049F5E00EA6176 /* FeedbackViewModel.swift in Sources */,
				B13847DE2C102EBC00AAF89E /* AdvertisementViewModel.swift in Sources */,
				B14BCC062C0D88D60078B976 /* Constants.swift in Sources */,
			);
			runOnlyForDeploymentPostprocessing = 0;
		};
/* End PBXSourcesBuildPhase section */

/* Begin XCBuildConfiguration section */
		B1F952142BFCB522007FF50E /* Debug */ = {
			isa = XCBuildConfiguration;
			buildSettings = {
				ALWAYS_SEARCH_USER_PATHS = NO;
				ASSETCATALOG_COMPILER_GENERATE_SWIFT_ASSET_SYMBOL_EXTENSIONS = YES;
				CLANG_ANALYZER_NONNULL = YES;
				CLANG_ANALYZER_NUMBER_OBJECT_CONVERSION = YES_AGGRESSIVE;
				CLANG_CXX_LANGUAGE_STANDARD = "gnu++20";
				CLANG_ENABLE_MODULES = YES;
				CLANG_ENABLE_OBJC_ARC = YES;
				CLANG_ENABLE_OBJC_WEAK = YES;
				CLANG_WARN_BLOCK_CAPTURE_AUTORELEASING = YES;
				CLANG_WARN_BOOL_CONVERSION = YES;
				CLANG_WARN_COMMA = YES;
				CLANG_WARN_CONSTANT_CONVERSION = YES;
				CLANG_WARN_DEPRECATED_OBJC_IMPLEMENTATIONS = YES;
				CLANG_WARN_DIRECT_OBJC_ISA_USAGE = YES_ERROR;
				CLANG_WARN_DOCUMENTATION_COMMENTS = YES;
				CLANG_WARN_EMPTY_BODY = YES;
				CLANG_WARN_ENUM_CONVERSION = YES;
				CLANG_WARN_INFINITE_RECURSION = YES;
				CLANG_WARN_INT_CONVERSION = YES;
				CLANG_WARN_NON_LITERAL_NULL_CONVERSION = YES;
				CLANG_WARN_OBJC_IMPLICIT_RETAIN_SELF = YES;
				CLANG_WARN_OBJC_LITERAL_CONVERSION = YES;
				CLANG_WARN_OBJC_ROOT_CLASS = YES_ERROR;
				CLANG_WARN_QUOTED_INCLUDE_IN_FRAMEWORK_HEADER = YES;
				CLANG_WARN_RANGE_LOOP_ANALYSIS = YES;
				CLANG_WARN_STRICT_PROTOTYPES = YES;
				CLANG_WARN_SUSPICIOUS_MOVE = YES;
				CLANG_WARN_UNGUARDED_AVAILABILITY = YES_AGGRESSIVE;
				CLANG_WARN_UNREACHABLE_CODE = YES;
				CLANG_WARN__DUPLICATE_METHOD_MATCH = YES;
				COPY_PHASE_STRIP = NO;
				DEBUG_INFORMATION_FORMAT = dwarf;
				ENABLE_STRICT_OBJC_MSGSEND = YES;
				ENABLE_TESTABILITY = YES;
				ENABLE_USER_SCRIPT_SANDBOXING = YES;
				EXCLUDED_ARCHS = "";
				GCC_C_LANGUAGE_STANDARD = gnu17;
				GCC_DYNAMIC_NO_PIC = NO;
				GCC_NO_COMMON_BLOCKS = YES;
				GCC_OPTIMIZATION_LEVEL = 0;
				GCC_PREPROCESSOR_DEFINITIONS = (
					"DEBUG=1",
					"$(inherited)",
				);
				GCC_WARN_64_TO_32_BIT_CONVERSION = YES;
				GCC_WARN_ABOUT_RETURN_TYPE = YES_ERROR;
				GCC_WARN_UNDECLARED_SELECTOR = YES;
				GCC_WARN_UNINITIALIZED_AUTOS = YES_AGGRESSIVE;
				GCC_WARN_UNUSED_FUNCTION = YES;
				GCC_WARN_UNUSED_VARIABLE = YES;
				IPHONEOS_DEPLOYMENT_TARGET = 17.5;
				LOCALIZATION_PREFERS_STRING_CATALOGS = YES;
				MTL_ENABLE_DEBUG_INFO = INCLUDE_SOURCE;
				MTL_FAST_MATH = YES;
				ONLY_ACTIVE_ARCH = YES;
				SDKROOT = iphoneos;
				SWIFT_ACTIVE_COMPILATION_CONDITIONS = "DEBUG $(inherited)";
				SWIFT_OPTIMIZATION_LEVEL = "-Onone";
			};
			name = Debug;
		};
		B1F952152BFCB522007FF50E /* Release */ = {
			isa = XCBuildConfiguration;
			buildSettings = {
				ALWAYS_SEARCH_USER_PATHS = NO;
				ASSETCATALOG_COMPILER_GENERATE_SWIFT_ASSET_SYMBOL_EXTENSIONS = YES;
				CLANG_ANALYZER_NONNULL = YES;
				CLANG_ANALYZER_NUMBER_OBJECT_CONVERSION = YES_AGGRESSIVE;
				CLANG_CXX_LANGUAGE_STANDARD = "gnu++20";
				CLANG_ENABLE_MODULES = YES;
				CLANG_ENABLE_OBJC_ARC = YES;
				CLANG_ENABLE_OBJC_WEAK = YES;
				CLANG_WARN_BLOCK_CAPTURE_AUTORELEASING = YES;
				CLANG_WARN_BOOL_CONVERSION = YES;
				CLANG_WARN_COMMA = YES;
				CLANG_WARN_CONSTANT_CONVERSION = YES;
				CLANG_WARN_DEPRECATED_OBJC_IMPLEMENTATIONS = YES;
				CLANG_WARN_DIRECT_OBJC_ISA_USAGE = YES_ERROR;
				CLANG_WARN_DOCUMENTATION_COMMENTS = YES;
				CLANG_WARN_EMPTY_BODY = YES;
				CLANG_WARN_ENUM_CONVERSION = YES;
				CLANG_WARN_INFINITE_RECURSION = YES;
				CLANG_WARN_INT_CONVERSION = YES;
				CLANG_WARN_NON_LITERAL_NULL_CONVERSION = YES;
				CLANG_WARN_OBJC_IMPLICIT_RETAIN_SELF = YES;
				CLANG_WARN_OBJC_LITERAL_CONVERSION = YES;
				CLANG_WARN_OBJC_ROOT_CLASS = YES_ERROR;
				CLANG_WARN_QUOTED_INCLUDE_IN_FRAMEWORK_HEADER = YES;
				CLANG_WARN_RANGE_LOOP_ANALYSIS = YES;
				CLANG_WARN_STRICT_PROTOTYPES = YES;
				CLANG_WARN_SUSPICIOUS_MOVE = YES;
				CLANG_WARN_UNGUARDED_AVAILABILITY = YES_AGGRESSIVE;
				CLANG_WARN_UNREACHABLE_CODE = YES;
				CLANG_WARN__DUPLICATE_METHOD_MATCH = YES;
				COPY_PHASE_STRIP = NO;
				DEBUG_INFORMATION_FORMAT = "dwarf-with-dsym";
				ENABLE_NS_ASSERTIONS = NO;
				ENABLE_STRICT_OBJC_MSGSEND = YES;
				ENABLE_USER_SCRIPT_SANDBOXING = YES;
				EXCLUDED_ARCHS = "";
				GCC_C_LANGUAGE_STANDARD = gnu17;
				GCC_NO_COMMON_BLOCKS = YES;
				GCC_WARN_64_TO_32_BIT_CONVERSION = YES;
				GCC_WARN_ABOUT_RETURN_TYPE = YES_ERROR;
				GCC_WARN_UNDECLARED_SELECTOR = YES;
				GCC_WARN_UNINITIALIZED_AUTOS = YES_AGGRESSIVE;
				GCC_WARN_UNUSED_FUNCTION = YES;
				GCC_WARN_UNUSED_VARIABLE = YES;
				IPHONEOS_DEPLOYMENT_TARGET = 17.5;
				LOCALIZATION_PREFERS_STRING_CATALOGS = YES;
				MTL_ENABLE_DEBUG_INFO = NO;
				MTL_FAST_MATH = YES;
				SDKROOT = iphoneos;
				SWIFT_COMPILATION_MODE = wholemodule;
				VALIDATE_PRODUCT = YES;
			};
			name = Release;
		};
		B1F952172BFCB522007FF50E /* Debug */ = {
			isa = XCBuildConfiguration;
			buildSettings = {
				ASSETCATALOG_COMPILER_APPICON_NAME = AppIcon;
				ASSETCATALOG_COMPILER_GLOBAL_ACCENT_COLOR_NAME = AccentColor;
				CODE_SIGN_IDENTITY = "Apple Development";
				CODE_SIGN_STYLE = Automatic;
				CURRENT_PROJECT_VERSION = 1;
				DEVELOPMENT_ASSET_PATHS = "\"CJN_iOS/Preview Content\"";
				DEVELOPMENT_TEAM = HHG4GY25AX;
				ENABLE_PREVIEWS = YES;
				GENERATE_INFOPLIST_FILE = YES;
				INFOPLIST_KEY_UIApplicationSceneManifest_Generation = YES;
				INFOPLIST_KEY_UIApplicationSupportsIndirectInputEvents = YES;
				INFOPLIST_KEY_UILaunchScreen_Generation = YES;
				INFOPLIST_KEY_UISupportedInterfaceOrientations = "UIInterfaceOrientationLandscapeLeft UIInterfaceOrientationLandscapeRight UIInterfaceOrientationPortrait";
				INFOPLIST_KEY_UISupportedInterfaceOrientations_iPad = "UIInterfaceOrientationLandscapeLeft UIInterfaceOrientationLandscapeRight";
				LD_RUNPATH_SEARCH_PATHS = (
					"$(inherited)",
					"@executable_path/Frameworks",
				);
				MARKETING_VERSION = 1.0;
				PRODUCT_BUNDLE_IDENTIFIER = "com.CJN.CJN-iOS";
				PRODUCT_NAME = "$(TARGET_NAME)";
				PROVISIONING_PROFILE_SPECIFIER = "";
				SWIFT_EMIT_LOC_STRINGS = YES;
				SWIFT_VERSION = 5.0;
				TARGETED_DEVICE_FAMILY = "1,2";
			};
			name = Debug;
		};
		B1F952182BFCB522007FF50E /* Release */ = {
			isa = XCBuildConfiguration;
			buildSettings = {
				ASSETCATALOG_COMPILER_APPICON_NAME = AppIcon;
				ASSETCATALOG_COMPILER_GLOBAL_ACCENT_COLOR_NAME = AccentColor;
				CODE_SIGN_IDENTITY = "Apple Development";
				CODE_SIGN_STYLE = Automatic;
				CURRENT_PROJECT_VERSION = 1;
				DEVELOPMENT_ASSET_PATHS = "\"CJN_iOS/Preview Content\"";
				DEVELOPMENT_TEAM = U5BJUGD7KV;
				ENABLE_PREVIEWS = YES;
				GENERATE_INFOPLIST_FILE = YES;
				INFOPLIST_KEY_UIApplicationSceneManifest_Generation = YES;
				INFOPLIST_KEY_UIApplicationSupportsIndirectInputEvents = YES;
				INFOPLIST_KEY_UILaunchScreen_Generation = YES;
				INFOPLIST_KEY_UISupportedInterfaceOrientations = "UIInterfaceOrientationLandscapeLeft UIInterfaceOrientationLandscapeRight UIInterfaceOrientationPortrait";
				INFOPLIST_KEY_UISupportedInterfaceOrientations_iPad = "UIInterfaceOrientationLandscapeLeft UIInterfaceOrientationLandscapeRight";
				LD_RUNPATH_SEARCH_PATHS = (
					"$(inherited)",
					"@executable_path/Frameworks",
				);
				MARKETING_VERSION = 1.0;
				PRODUCT_BUNDLE_IDENTIFIER = "com.shreyas.CJN-iOS";
				PRODUCT_NAME = "$(TARGET_NAME)";
				PROVISIONING_PROFILE_SPECIFIER = "";
				SWIFT_EMIT_LOC_STRINGS = YES;
				SWIFT_VERSION = 5.0;
				TARGETED_DEVICE_FAMILY = "1,2";
			};
			name = Release;
		};
/* End XCBuildConfiguration section */

/* Begin XCConfigurationList section */
		B1F952032BFCB520007FF50E /* Build configuration list for PBXProject "CJN_iOS" */ = {
			isa = XCConfigurationList;
			buildConfigurations = (
				B1F952142BFCB522007FF50E /* Debug */,
				B1F952152BFCB522007FF50E /* Release */,
			);
			defaultConfigurationIsVisible = 0;
			defaultConfigurationName = Release;
		};
		B1F952162BFCB522007FF50E /* Build configuration list for PBXNativeTarget "CJN_iOS" */ = {
			isa = XCConfigurationList;
			buildConfigurations = (
				B1F952172BFCB522007FF50E /* Debug */,
				B1F952182BFCB522007FF50E /* Release */,
			);
			defaultConfigurationIsVisible = 0;
			defaultConfigurationName = Release;
		};
/* End XCConfigurationList section */
	};
	rootObject = B1F952002BFCB520007FF50E /* Project object */;
}
